
Microsoft Visual Studio Solution File, Format Version 12.00
# Visual Studio 15
VisualStudioVersion = 15.0.27130.2027
MinimumVisualStudioVersion = 10.0.40219.1
Project("{FAE04EC0-301F-11D3-BF4B-00C04F79EFBC}") = "Własna_Aplikacja", "Własna_Aplikacja\Własna_Aplikacja.csproj", "{FC4F61E2-F9B9-43B0-B972-4C01B9AD062E}"
EndProject
Global
	GlobalSection(SolutionConfigurationPlatforms) = preSolution
		Debug|Any CPU = Debug|Any CPU
		Release|Any CPU = Release|Any CPU
	EndGlobalSection
	GlobalSection(ProjectConfigurationPlatforms) = postSolution
		{FC4F61E2-F9B9-43B0-B972-4C01B9AD062E}.Debug|Any CPU.ActiveCfg = Debug|Any CPU
		{FC4F61E2-F9B9-43B0-B972-4C01B9AD062E}.Debug|Any CPU.Build.0 = Debug|Any CPU
		{FC4F61E2-F9B9-43B0-B972-4C01B9AD062E}.Release|Any CPU.ActiveCfg = Release|Any CPU
		{FC4F61E2-F9B9-43B0-B972-4C01B9AD062E}.Release|Any CPU.Build.0 = Release|Any CPU
	EndGlobalSection
	GlobalSection(SolutionProperties) = preSolution
		HideSolutionNode = FALSE
	EndGlobalSection
	GlobalSection(ExtensibilityGlobals) = postSolution
		SolutionGuid = {65E79457-AEEB-4EB7-88E9-5BCFAB8BB2E0}
	EndGlobalSection
EndGlobal
